// !$*UTF8*$!
{
	archiveVersion = 1;
	classes = {
	};
	objectVersion = 46;
	objects = {

/* Begin PBXBuildFile section */
		822FF9E91E51D8640002CF59 /* main.m in Sources */ = {isa = PBXBuildFile; fileRef = 822FF9E81E51D8640002CF59 /* main.m */; };
		822FF9F11E51D9B70002CF59 /* Car.m in Sources */ = {isa = PBXBuildFile; fileRef = 822FF9F01E51D9B70002CF59 /* Car.m */; };
		822FF9F41E5218180002CF59 /* Toyota.m in Sources */ = {isa = PBXBuildFile; fileRef = 822FF9F31E5218180002CF59 /* Toyota.m */; };
/* End PBXBuildFile section */

/* Begin PBXCopyFilesBuildPhase section */
		822FF9E31E51D8640002CF59 /* CopyFiles */ = {
			isa = PBXCopyFilesBuildPhase;
			buildActionMask = 2147483647;
			dstPath = /usr/share/man/man1/;
			dstSubfolderSpec = 0;
			files = (
			);
			runOnlyForDeploymentPostprocessing = 1;
		};
/* End PBXCopyFilesBuildPhase section */

/* Begin PBXFileReference section */
		822FF9E51E51D8640002CF59 /* Assignment #3 */ = {isa = PBXFileReference; explicitFileType = "compiled.mach-o.executable"; includeInIndex = 0; path = "Assignment #3"; sourceTree = BUILT_PRODUCTS_DIR; };
		822FF9E81E51D8640002CF59 /* main.m */ = {isa = PBXFileReference; lastKnownFileType = sourcecode.c.objc; path = main.m; sourceTree = "<group>"; };
		822FF9EF1E51D9B70002CF59 /* Car.h */ = {isa = PBXFileReference; fileEncoding = 4; lastKnownFileType = sourcecode.c.h; path = Car.h; sourceTree = "<group>"; };
		822FF9F01E51D9B70002CF59 /* Car.m */ = {isa = PBXFileReference; fileEncoding = 4; lastKnownFileType = sourcecode.c.objc; path = Car.m; sourceTree = "<group>"; };
		822FF9F21E5218180002CF59 /* Toyota.h */ = {isa = PBXFileReference; fileEncoding = 4; lastKnownFileType = sourcecode.c.h; path = Toyota.h; sourceTree = "<group>"; };
		822FF9F31E5218180002CF59 /* Toyota.m */ = {isa = PBXFileReference; fileEncoding = 4; lastKnownFileType = sourcecode.c.objc; path = Toyota.m; sourceTree = "<group>"; };
/* End PBXFileReference section */

/* Begin PBXFrameworksBuildPhase section */
		822FF9E21E51D8640002CF59 /* Frameworks */ = {
			isa = PBXFrameworksBuildPhase;
			buildActionMask = 2147483647;
			files = (
			);
			runOnlyForDeploymentPostprocessing = 0;
		};
/* End PBXFrameworksBuildPhase section */

/* Begin PBXGroup section */
		822FF9DC1E51D8640002CF59 = {
			isa = PBXGroup;
			children = (
				822FF9E71E51D8640002CF59 /* Assignment #3 */,
				822FF9E61E51D8640002CF59 /* Products */,
			);
			sourceTree = "<group>";
		};
		822FF9E61E51D8640002CF59 /* Products */ = {
			isa = PBXGroup;
			children = (
				822FF9E51E51D8640002CF59 /* Assignment #3 */,
			);
			name = Products;
			sourceTree = "<group>";
		};
		822FF9E71E51D8640002CF59 /* Assignment #3 */ = {
			isa = PBXGroup;
			children = (
				822FF9E81E51D8640002CF59 /* main.m */,
				822FF9EF1E51D9B70002CF59 /* Car.h */,
				822FF9F21E5218180002CF59 /* Toyota.h */,
				822FF9F31E5218180002CF59 /* Toyota.m */,
				822FF9F01E51D9B70002CF59 /* Car.m */,
			);
			path = "Assignment #3";
			sourceTree = "<group>";
		};
/* End PBXGroup section */

/* Begin PBXNativeTarget section */
		822FF9E41E51D8640002CF59 /* Assignment #3 */ = {
			isa = PBXNativeTarget;
			buildConfigurationList = 822FF9EC1E51D8640002CF59 /* Build configuration list for PBXNativeTarget "Assignment #3" */;
			buildPhases = (
				822FF9E11E51D8640002CF59 /* Sources */,
				822FF9E21E51D8640002CF59 /* Frameworks */,
				822FF9E31E51D8640002CF59 /* CopyFiles */,
			);
			buildRules = (
			);
			dependencies = (
			);
			name = "Assignment #3";
			productName = "Assignment #3";
			productReference = 822FF9E51E51D8640002CF59 /* Assignment #3 */;
			productType = "com.apple.product-type.tool";
		};
/* End PBXNativeTarget section */

/* Begin PBXProject section */
		822FF9DD1E51D8640002CF59 /* Project object */ = {
			isa = PBXProject;
			attributes = {
				LastUpgradeCheck = 0820;
				ORGANIZATIONNAME = Appfish;
				TargetAttributes = {
					822FF9E41E51D8640002CF59 = {
						CreatedOnToolsVersion = 8.2.1;
						ProvisioningStyle = Automatic;
					};
				};
			};
			buildConfigurationList = 822FF9E01E51D8640002CF59 /* Build configuration list for PBXProject "Assignment #3" */;
			compatibilityVersion = "Xcode 3.2";
			developmentRegion = English;
			hasScannedForEncodings = 0;
			knownRegions = (
				en,
			);
			mainGroup = 822FF9DC1E51D8640002CF59;
			productRefGroup = 822FF9E61E51D8640002CF59 /* Products */;
			projectDirPath = "";
			projectRoot = "";
			targets = (
				822FF9E41E51D8640002CF59 /* Assignment #3 */,
			);
		};
/* End PBXProject section */

/* Begin PBXSourcesBuildPhase section */
		822FF9E11E51D8640002CF59 /* Sources */ = {
			isa = PBXSourcesBuildPhase;
			buildActionMask = 2147483647;
			files = (
				822FF9F41E5218180002CF59 /* Toyota.m in Sources */,
				822FF9F11E51D9B70002CF59 /* Car.m in Sources */,
				822FF9E91E51D8640002CF59 /* main.m in Sources */,
			);
			runOnlyForDeploymentPostprocessing = 0;
		};
/* End PBXSourcesBuildPhase section */

/* Begin XCBuildConfiguration section */
		822FF9EA1E51D8640002CF59 /* Debug */ = {
			isa = XCBuildConfiguration;
			buildSettings = {
				ALWAYS_SEARCH_USER_PATHS = NO;
				CLANG_ANALYZER_NONNULL = YES;
				CLANG_CXX_LANGUAGE_STANDARD = "gnu++0x";
				CLANG_CXX_LIBRARY = "libc++";
				CLANG_ENABLE_MODULES = YES;
				CLANG_ENABLE_OBJC_ARC = YES;
				CLANG_WARN_BOOL_CONVERSION = YES;
				CLANG_WARN_CONSTANT_CONVERSION = YES;
				CLANG_WARN_DIRECT_OBJC_ISA_USAGE = YES_ERROR;
				CLANG_WARN_DOCUMENTATION_COMMENTS = YES;
				CLANG_WARN_EMPTY_BODY = YES;
				CLANG_WARN_ENUM_CONVERSION = YES;
				CLANG_WARN_INFINITE_RECURSION = YES;
				CLANG_WARN_INT_CONVERSION = YES;
				CLANG_WARN_OBJC_ROOT_CLASS = YES_ERROR;
				CLANG_WARN_SUSPICIOUS_MOVE = YES;
				CLANG_WARN_UNREACHABLE_CODE = YES;
				CLANG_WARN__DUPLICATE_METHOD_MATCH = YES;
				CODE_SIGN_IDENTITY = "-";
				COPY_PHASE_STRIP = NO;
				DEBUG_INFORMATION_FORMAT = dwarf;
				ENABLE_STRICT_OBJC_MSGSEND = YES;
				ENABLE_TESTABILITY = YES;
				GCC_C_LANGUAGE_STANDARD = gnu99;
				GCC_DYNAMIC_NO_PIC = NO;
				GCC_NO_COMMON_BLOCKS = YES;
				GCC_OPTIMIZATION_LEVEL = 0;
				GCC_PREPROCESSOR_DEFINITIONS = (
					"DEBUG=1",
					"$(inherited)",
				);
				GCC_WARN_64_TO_32_BIT_CONVERSION = YES;
				GCC_WARN_ABOUT_RETURN_TYPE = YES_ERROR;
				GCC_WARN_UNDECLARED_SELECTOR = YES;
				GCC_WARN_UNINITIALIZED_AUTOS = YES_AGGRESSIVE;
				GCC_WARN_UNUSED_FUNCTION = YES;
				GCC_WARN_UNUSED_VARIABLE = YES;
				MACOSX_DEPLOYMENT_TARGET = 10.11;
				MTL_ENABLE_DEBUG_INFO = YES;
				ONLY_ACTIVE_ARCH = YES;
				SDKROOT = macosx;
			};
			name = Debug;
		};
		822FF9EB1E51D8640002CF59 /* Release */ = {
			isa = XCBuildConfiguration;
			buildSettings = {
				ALWAYS_SEARCH_USER_PATHS = NO;
				CLANG_ANALYZER_NONNULL = YES;
				CLANG_CXX_LANGUAGE_STANDARD = "gnu++0x";
				CLANG_CXX_LIBRARY = "libc++";
				CLANG_ENABLE_MODULES = YES;
				CLANG_ENABLE_OBJC_ARC = YES;
				CLANG_WARN_BOOL_CONVERSION = YES;
				CLANG_WARN_CONSTANT_CONVERSION = YES;
				CLANG_WARN_DIRECT_OBJC_ISA_USAGE = YES_ERROR;
				CLANG_WARN_DOCUMENTATION_COMMENTS = YES;
				CLANG_WARN_EMPTY_BODY = YES;
				CLANG_WARN_ENUM_CONVERSION = YES;
				CLANG_WARN_INFINITE_RECURSION = YES;
				CLANG_WARN_INT_CONVERSION = YES;
				CLANG_WARN_OBJC_ROOT_CLASS = YES_ERROR;
				CLANG_WARN_SUSPICIOUS_MOVE = YES;
				CLANG_WARN_UNREACHABLE_CODE = YES;
				CLANG_WARN__DUPLICATE_METHOD_MATCH = YES;
				CODE_SIGN_IDENTITY = "-";
				COPY_PHASE_STRIP = NO;
				DEBUG_INFORMATION_FORMAT = "dwarf-with-dsym";
				ENABLE_NS_ASSERTIONS = NO;
				ENABLE_STRICT_OBJC_MSGSEND = YES;
				GCC_C_LANGUAGE_STANDARD = gnu99;
				GCC_NO_COMMON_BLOCKS = YES;
				GCC_WARN_64_TO_32_BIT_CONVERSION = YES;
				GCC_WARN_ABOUT_RETURN_TYPE = YES_ERROR;
				GCC_WARN_UNDECLARED_SELECTOR = YES;
				GCC_WARN_UNINITIALIZED_AUTOS = YES_AGGRESSIVE;
				GCC_WARN_UNUSED_FUNCTION = YES;
				GCC_WARN_UNUSED_VARIABLE = YES;
				MACOSX_DEPLOYMENT_TARGET = 10.11;
				MTL_ENABLE_DEBUG_INFO = NO;
				SDKROOT = macosx;
			};
			name = Release;
		};
		822FF9ED1E51D8640002CF59 /* Debug */ = {
			isa = XCBuildConfiguration;
			buildSettings = {
				PRODUCT_NAME = "$(TARGET_NAME)";
			};
			name = Debug;
		};
		822FF9EE1E51D8640002CF59 /* Release */ = {
			isa = XCBuildConfiguration;
			buildSettings = {
				PRODUCT_NAME = "$(TARGET_NAME)";
			};
			name = Release;
		};
/* End XCBuildConfiguration section */

/* Begin XCConfigurationList section */
		822FF9E01E51D8640002CF59 /* Build configuration list for PBXProject "Assignment #3" */ = {
			isa = XCConfigurationList;
			buildConfigurations = (
				822FF9EA1E51D8640002CF59 /* Debug */,
				822FF9EB1E51D8640002CF59 /* Release */,
			);
			defaultConfigurationIsVisible = 0;
			defaultConfigurationName = Release;
		};
		822FF9EC1E51D8640002CF59 /* Build configuration list for PBXNativeTarget "Assignment #3" */ = {
			isa = XCConfigurationList;
			buildConfigurations = (
				822FF9ED1E51D8640002CF59 /* Debug */,
				822FF9EE1E51D8640002CF59 /* Release */,
			);
			defaultConfigurationIsVisible = 0;
		};
/* End XCConfigurationList section */
	};
	rootObject = 822FF9DD1E51D8640002CF59 /* Project object */;
}
